<?xml version="1.0" encoding="utf-8"?>
<Project ToolsVersion="4.0" xmlns="http://schemas.microsoft.com/developer/msbuild/2003">
  <ItemGroup>
    <Filter Include="Source Files">
      <UniqueIdentifier>{4FC737F1-C7A5-4376-A066-2A32D752A2FF}</UniqueIdentifier>
      <Extensions>cpp;c;cc;cxx;c++;cppm;ixx;def;odl;idl;hpj;bat;asm;asmx</Extensions>
    </Filter>
    <Filter Include="Header Files">
      <UniqueIdentifier>{93995380-89BD-4b04-88EB-625FBE52EBFB}</UniqueIdentifier>
      <Extensions>h;hh;hpp;hxx;h++;hm;inl;inc;ipp;xsd</Extensions>
    </Filter>
    <Filter Include="Resource Files">
      <UniqueIdentifier>{67DA6AB6-F800-4c08-8B7A-83BB121AAD01}</UniqueIdentifier>
      <Extensions>rc;ico;cur;bmp;dlg;rc2;rct;bin;rgs;gif;jpg;jpeg;jpe;resx;tiff;tif;png;wav;mfcribbon-ms</Extensions>
    </Filter>
    <Filter Include="Resource Files\Textures">
      <UniqueIdentifier>{1c789ba7-f081-4377-a62d-25105e44ceaa}</UniqueIdentifier>
    </Filter>
  </ItemGroup>
  <ItemGroup>
    <ClCompile Include="Assessment2.cpp">
      <Filter>Source Files</Filter>
    </ClCompile>
    <ClCompile Include="..\..\include\GL\gl3w.c">
      <Filter>Source Files</Filter>
    </ClCompile>
  </ItemGroup>
  <ItemGroup>
    <ClInclude Include="..\..\include\bitmap.h">
      <Filter>Header Files</Filter>
    </ClInclude>
    <ClInclude Include="..\..\include\camera.h">
      <Filter>Header Files</Filter>
    </ClInclude>
    <ClInclude Include="..\..\include\casteljau.h">
      <Filter>Header Files</Filter>
    </ClInclude>
    <ClInclude Include="..\..\include\error.h">
      <Filter>Header Files</Filter>
    </ClInclude>
    <ClInclude Include="..\..\include\file.h">
      <Filter>Header Files</Filter>
    </ClInclude>
    <ClInclude Include="..\..\include\point.h">
      <Filter>Header Files</Filter>
    </ClInclude>
    <ClInclude Include="..\..\include\shader.h">
      <Filter>Header Files</Filter>
    </ClInclude>
    <ClInclude Include="..\..\include\shadow.h">
      <Filter>Header Files</Filter>
    </ClInclude>
    <ClInclude Include="..\..\include\stb_image.h">
      <Filter>Header Files</Filter>
    </ClInclude>
    <ClInclude Include="..\..\include\texture.h">
      <Filter>Header Files</Filter>
    </ClInclude>
    <ClInclude Include="..\..\include\tiny_obj_loader.h">
      <Filter>Header Files</Filter>
    </ClInclude>
    <ClInclude Include="plane.h">
      <Filter>Header Files</Filter>
    </ClInclude>
    <ClInclude Include="object_parser.h">
      <Filter>Header Files</Filter>
    </ClInclude>
  </ItemGroup>
  <ItemGroup>
    <None Include="fragment_shader.frag">
      <Filter>Source Files</Filter>
    </None>
    <None Include="vertex_shader.vert">
      <Filter>Source Files</Filter>
    </None>
    <None Include="ship_frag.frag">
      <Filter>Source Files</Filter>
    </None>
    <None Include="lighting_vertex.vert">
      <Filter>Source Files</Filter>
    </None>
    <None Include="lighting_fragment.frag">
      <Filter>Source Files</Filter>
    </None>
    <None Include="shadow.vert">
      <Filter>Source Files</Filter>
    </None>
    <None Include="shadow.frag">
      <Filter>Source Files</Filter>
    </None>
  </ItemGroup>
  <ItemGroup>
    <Image Include="grid.bmp">
      <Filter>Resource Files\Textures</Filter>
    </Image>
    <Image Include="jubilee.bmp">
      <Filter>Resource Files\Textures</Filter>
    </Image>
    <Image Include="car.jpg">
      <Filter>Resource Files\Textures</Filter>
    </Image>
    <Image Include="Grass_Block.png">
      <Filter>Resource Files\Textures</Filter>
    </Image>
    <Image Include="bricks.jpg">
      <Filter>Resource Files\Textures</Filter>
    </Image>
    <Image Include="grass.jpg">
      <Filter>Resource Files\Textures</Filter>
    </Image>
    <Image Include="objs\simple_ufo\source\UFO\TexturesCom_MetalAircraft0050_1_S lrg.jpg">
      <Filter>Resource Files\Textures</Filter>
    </Image>
  </ItemGroup>
  <ItemGroup>
    <Text Include="shape_vectors.txt">
      <Filter>Resource Files</Filter>
    </Text>
  </ItemGroup>
</Project>